# THIS IS AN AUTOGENERATED FILE. DO NOT EDIT THIS FILE DIRECTLY.
# yarn lockfile v1


"@accounts/common@^0.0.18":
  version "0.0.18"
  resolved "https://registry.yarnpkg.com/@accounts/common/-/common-0.0.18.tgz#401f5277eb4793aa8d043f135028adb8087e147b"
  dependencies:
    lodash "^4.16.4"

"@accounts/server@^0.0.18":
  version "0.0.18"
  resolved "https://registry.yarnpkg.com/@accounts/server/-/server-0.0.18.tgz#4bb502b3459952446045ba976324f9327b8b7a44"
  dependencies:
    "@accounts/common" "^0.0.18"
    babel-polyfill "^6.23.0"
    bcryptjs "^2.4.0"
    crypto "^0.0.3"
    emailjs "^1.0.8"
    jsonwebtoken "^7.2.1"
    jwt-decode "^2.1.0"
    lodash "^4.16.4"

"@types/bcryptjs@^2.4.0":
  version "2.4.1"
  resolved "https://registry.yarnpkg.com/@types/bcryptjs/-/bcryptjs-2.4.1.tgz#7fb63922b5b106edacdcfe084cd38850f78aacfc"

"@types/lodash@^4.14.66":
  version "4.14.74"
  resolved "https://registry.yarnpkg.com/@types/lodash/-/lodash-4.14.74.tgz#ac3bd8db988e7f7038e5d22bd76a7ba13f876168"

addressparser@^0.3.2:
  version "0.3.2"
  resolved "https://registry.yarnpkg.com/addressparser/-/addressparser-0.3.2.tgz#59873f35e8fcf6c7361c10239261d76e15348bb2"

addressparser@~0.2.0:
  version "0.2.1"
  resolved "https://registry.yarnpkg.com/addressparser/-/addressparser-0.2.1.tgz#d11a5b2eeda04cfefebdf3196c10ae13db6cd607"

babel-polyfill@^6.23.0:
  version "6.23.0"
  resolved "https://registry.yarnpkg.com/babel-polyfill/-/babel-polyfill-6.23.0.tgz#8364ca62df8eafb830499f699177466c3b03499d"
  dependencies:
    babel-runtime "^6.22.0"
    core-js "^2.4.0"
    regenerator-runtime "^0.10.0"

babel-runtime@^6.22.0:
  version "6.25.0"
  resolved "https://registry.yarnpkg.com/babel-runtime/-/babel-runtime-6.25.0.tgz#33b98eaa5d482bb01a8d1aa6b437ad2b01aec41c"
  dependencies:
    core-js "^2.4.0"
    regenerator-runtime "^0.10.0"

base64url@2.0.0, base64url@^2.0.0:
  version "2.0.0"
  resolved "https://registry.yarnpkg.com/base64url/-/base64url-2.0.0.tgz#eac16e03ea1438eff9423d69baa36262ed1f70bb"

bcryptjs@^2.4.0, bcryptjs@^2.4.3:
  version "2.4.3"
  resolved "https://registry.yarnpkg.com/bcryptjs/-/bcryptjs-2.4.3.tgz#9ab5627b93e60621ff7cdac5da9733027df1d0cb"

buffer-equal-constant-time@1.0.1:
  version "1.0.1"
  resolved "https://registry.yarnpkg.com/buffer-equal-constant-time/-/buffer-equal-constant-time-1.0.1.tgz#f8e71132f7ffe6e01a5c9697a4c6f3e48d5cc819"

bufferjs@1.1.0:
  version "1.1.0"
  resolved "https://registry.yarnpkg.com/bufferjs/-/bufferjs-1.1.0.tgz#095ffa39c5e6b40a2178a1169c9effc584a73201"

core-js@^2.4.0:
  version "2.5.0"
  resolved "https://registry.yarnpkg.com/core-js/-/core-js-2.5.0.tgz#569c050918be6486b3837552028ae0466b717086"

crypto@^0.0.3:
  version "0.0.3"
  resolved "https://registry.yarnpkg.com/crypto/-/crypto-0.0.3.tgz#470a81b86be4c5ee17acc8207a1f5315ae20dbb0"

ecdsa-sig-formatter@1.0.9:
  version "1.0.9"
  resolved "https://registry.yarnpkg.com/ecdsa-sig-formatter/-/ecdsa-sig-formatter-1.0.9.tgz#4bc926274ec3b5abb5016e7e1d60921ac262b2a1"
  dependencies:
    base64url "^2.0.0"
    safe-buffer "^5.0.1"

emailjs@^1.0.8:
  version "1.0.11"
  resolved "https://registry.yarnpkg.com/emailjs/-/emailjs-1.0.11.tgz#2cb6f15624ed93fca93f1e0449cf10d25472a0d6"
  dependencies:
    addressparser "^0.3.2"
    mimelib "0.2.14"
    moment "2.11.2"
    starttls "1.0.1"
  optionalDependencies:
    bufferjs "1.1.0"

encoding@~0.1:
  version "0.1.12"
  resolved "https://registry.yarnpkg.com/encoding/-/encoding-0.1.12.tgz#538b66f3ee62cd1ab51ec323829d1f9480c74beb"
  dependencies:
    iconv-lite "~0.4.13"

hoek@2.x.x:
  version "2.16.3"
  resolved "https://registry.yarnpkg.com/hoek/-/hoek-2.16.3.tgz#20bb7403d3cea398e91dc4710a8ff1b8274a25ed"

iconv-lite@~0.4.13:
  version "0.4.18"
  resolved "https://registry.yarnpkg.com/iconv-lite/-/iconv-lite-0.4.18.tgz#23d8656b16aae6742ac29732ea8f0336a4789cf2"

isemail@1.x.x:
  version "1.2.0"
  resolved "https://registry.yarnpkg.com/isemail/-/isemail-1.2.0.tgz#be03df8cc3e29de4d2c5df6501263f1fa4595e9a"

joi@^6.10.1:
  version "6.10.1"
  resolved "https://registry.yarnpkg.com/joi/-/joi-6.10.1.tgz#4d50c318079122000fe5f16af1ff8e1917b77e06"
  dependencies:
    hoek "2.x.x"
    isemail "1.x.x"
    moment "2.x.x"
    topo "1.x.x"

jsonwebtoken@^7.2.1:
  version "7.4.2"
  resolved "https://registry.yarnpkg.com/jsonwebtoken/-/jsonwebtoken-7.4.2.tgz#571b903c07e875c0fc59203d1ac78667d80e09cd"
  dependencies:
    joi "^6.10.1"
    jws "^3.1.4"
    lodash.once "^4.0.0"
    ms "^2.0.0"
    xtend "^4.0.1"

jwa@^1.1.4:
  version "1.1.5"
  resolved "https://registry.yarnpkg.com/jwa/-/jwa-1.1.5.tgz#a0552ce0220742cd52e153774a32905c30e756e5"
  dependencies:
    base64url "2.0.0"
    buffer-equal-constant-time "1.0.1"
    ecdsa-sig-formatter "1.0.9"
    safe-buffer "^5.0.1"

jws@^3.1.4:
  version "3.1.4"
  resolved "https://registry.yarnpkg.com/jws/-/jws-3.1.4.tgz#f9e8b9338e8a847277d6444b1464f61880e050a2"
  dependencies:
    base64url "^2.0.0"
    jwa "^1.1.4"
    safe-buffer "^5.0.1"

jwt-decode@^2.1.0:
  version "2.2.0"
  resolved "https://registry.yarnpkg.com/jwt-decode/-/jwt-decode-2.2.0.tgz#7d86bd56679f58ce6a84704a657dd392bba81a79"

lodash.once@^4.0.0:
  version "4.1.1"
  resolved "https://registry.yarnpkg.com/lodash.once/-/lodash.once-4.1.1.tgz#0dd3971213c7c56df880977d504c88fb471a97ac"

lodash@^4.16.4, lodash@^4.17.4:
  version "4.17.4"
  resolved "https://registry.yarnpkg.com/lodash/-/lodash-4.17.4.tgz#78203a4d1c328ae1d86dca6460e369b57f4055ae"

mimelib@0.2.14:
  version "0.2.14"
  resolved "https://registry.yarnpkg.com/mimelib/-/mimelib-0.2.14.tgz#2a1aa724bd190b85bd526e6317ab6106edfd6831"
  dependencies:
    addressparser "~0.2.0"
    encoding "~0.1"

moment@2.11.2:
  version "2.11.2"
  resolved "https://registry.yarnpkg.com/moment/-/moment-2.11.2.tgz#87968e5f95ac038c2e42ac959c75819cd3f52901"

moment@2.x.x:
  version "2.18.1"
  resolved "https://registry.yarnpkg.com/moment/-/moment-2.18.1.tgz#c36193dd3ce1c2eed2adb7c802dbbc77a81b1c0f"

ms@^2.0.0:
  version "2.0.0"
  resolved "https://registry.yarnpkg.com/ms/-/ms-2.0.0.tgz#5608aeadfc00be6c2901df5f9861788de0d597c8"

regenerator-runtime@^0.10.0:
  version "0.10.5"
  resolved "https://registry.yarnpkg.com/regenerator-runtime/-/regenerator-runtime-0.10.5.tgz#336c3efc1220adcedda2c9fab67b5a7955a33658"

safe-buffer@^5.0.1:
  version "5.1.1"
  resolved "https://registry.yarnpkg.com/safe-buffer/-/safe-buffer-5.1.1.tgz#893312af69b2123def71f57889001671eeb2c853"

starttls@1.0.1:
  version "1.0.1"
  resolved "https://registry.yarnpkg.com/starttls/-/starttls-1.0.1.tgz#e6081c25de6b178f5a75f8f271c1487449183b42"

topo@1.x.x:
  version "1.1.0"
  resolved "https://registry.yarnpkg.com/topo/-/topo-1.1.0.tgz#e9d751615d1bb87dc865db182fa1ca0a5ef536d5"
  dependencies:
    hoek "2.x.x"

xtend@^4.0.1:
  version "4.0.1"
  resolved "https://registry.yarnpkg.com/xtend/-/xtend-4.0.1.tgz#a5c6d532be656e23db820efb943a1f04998d63af"
