# THIS IS AN AUTOGENERATED FILE. DO NOT EDIT THIS FILE DIRECTLY.
# yarn lockfile v1


"@accounts/client@0.1.0-beta.3":
  version "0.1.0-beta.3"
  resolved "https://registry.yarnpkg.com/@accounts/client/-/client-0.1.0-beta.3.tgz#bf3dd94f3d85524ce504af4dd99252899c5da5e9"
  dependencies:
    "@accounts/common" "^0.1.0-beta.3"
    crypto-js "^3.1.9-1"
    immutable "^3.8.1"
    jwt-decode "^2.1.0"
    lodash "^4.16.4"
    redux "^3.7.2"
    redux-immutable "^4.0.0"

"@accounts/common@0.1.0-beta.3", "@accounts/common@^0.1.0-beta.3":
  version "0.1.0-beta.3"
  resolved "https://registry.yarnpkg.com/@accounts/common/-/common-0.1.0-beta.3.tgz#311a9676526160b37fcb8aec3526f3d0e0cad9e6"
  dependencies:
    lodash "^4.16.4"

"@types/lodash@4.14.104":
  version "4.14.104"
  resolved "https://registry.yarnpkg.com/@types/lodash/-/lodash-4.14.104.tgz#53ee2357fa2e6e68379341d92eb2ecea4b11bb80"

crypto-js@^3.1.9-1:
  version "3.1.9-1"
  resolved "https://registry.yarnpkg.com/crypto-js/-/crypto-js-3.1.9-1.tgz#fda19e761fc077e01ffbfdc6e9fdfc59e8806cd8"

immutable@^3.8.1:
  version "3.8.2"
  resolved "https://registry.yarnpkg.com/immutable/-/immutable-3.8.2.tgz#c2439951455bb39913daf281376f1530e104adf3"

js-tokens@^3.0.0:
  version "3.0.2"
  resolved "https://registry.yarnpkg.com/js-tokens/-/js-tokens-3.0.2.tgz#9866df395102130e38f7f996bceb65443209c25b"

jwt-decode@^2.1.0:
  version "2.2.0"
  resolved "https://registry.yarnpkg.com/jwt-decode/-/jwt-decode-2.2.0.tgz#7d86bd56679f58ce6a84704a657dd392bba81a79"

lodash-es@^4.2.1:
  version "4.17.5"
  resolved "https://registry.yarnpkg.com/lodash-es/-/lodash-es-4.17.5.tgz#9fc6e737b1c4d151d8f9cae2247305d552ce748f"

lodash@^4.16.4, lodash@^4.17.4, lodash@^4.2.1:
  version "4.17.5"
  resolved "https://registry.yarnpkg.com/lodash/-/lodash-4.17.5.tgz#99a92d65c0272debe8c96b6057bc8fbfa3bed511"

loose-envify@^1.1.0:
  version "1.3.1"
  resolved "https://registry.yarnpkg.com/loose-envify/-/loose-envify-1.3.1.tgz#d1a8ad33fa9ce0e713d65fdd0ac8b748d478c848"
  dependencies:
    js-tokens "^3.0.0"

node-fetch@2.1.1:
  version "2.1.1"
  resolved "https://registry.yarnpkg.com/node-fetch/-/node-fetch-2.1.1.tgz#369ca70b82f50c86496104a6c776d274f4e4a2d4"

redux-immutable@^4.0.0:
  version "4.0.0"
  resolved "https://registry.yarnpkg.com/redux-immutable/-/redux-immutable-4.0.0.tgz#3a1a32df66366462b63691f0e1dc35e472bbc9f3"

redux@^3.7.2:
  version "3.7.2"
  resolved "https://registry.yarnpkg.com/redux/-/redux-3.7.2.tgz#06b73123215901d25d065be342eb026bc1c8537b"
  dependencies:
    lodash "^4.2.1"
    lodash-es "^4.2.1"
    loose-envify "^1.1.0"
    symbol-observable "^1.0.3"

symbol-observable@^1.0.3:
  version "1.2.0"
  resolved "https://registry.yarnpkg.com/symbol-observable/-/symbol-observable-1.2.0.tgz#c22688aed4eab3cdc2dfeacbb561660560a00804"
