# THIS IS AN AUTOGENERATED FILE. DO NOT EDIT THIS FILE DIRECTLY.
# yarn lockfile v1


"@types/node@^8.0.54":
  version "8.0.55"
  resolved "https://registry.yarnpkg.com/@types/node/-/node-8.0.55.tgz#015966c0af809216b8a46cc527b5c211994d36f0"

bson@~1.0.4:
  version "1.0.4"
  resolved "https://registry.yarnpkg.com/bson/-/bson-1.0.4.tgz#93c10d39eaa5b58415cbc4052f3e53e562b0b72c"

buffer-shims@~1.0.0:
  version "1.0.0"
  resolved "https://registry.yarnpkg.com/buffer-shims/-/buffer-shims-1.0.0.tgz#9978ce317388c649ad8793028c3477ef044a8b51"

core-util-is@~1.0.0:
  version "1.0.2"
  resolved "https://registry.yarnpkg.com/core-util-is/-/core-util-is-1.0.2.tgz#b5fd54220aa2bc5ab57aab7140c940754503c1a7"

es6-promise@3.2.1:
  version "3.2.1"
  resolved "https://registry.yarnpkg.com/es6-promise/-/es6-promise-3.2.1.tgz#ec56233868032909207170c39448e24449dd1fc4"

inherits@~2.0.1:
  version "2.0.3"
  resolved "https://registry.yarnpkg.com/inherits/-/inherits-2.0.3.tgz#633c2c83e3da42a502f52466022480f4208261de"

isarray@~1.0.0:
  version "1.0.0"
  resolved "https://registry.yarnpkg.com/isarray/-/isarray-1.0.0.tgz#bb935d48582cba168c06834957a54a3e07124f11"

lodash@^4.17.4:
  version "4.17.4"
  resolved "https://registry.yarnpkg.com/lodash/-/lodash-4.17.4.tgz#78203a4d1c328ae1d86dca6460e369b57f4055ae"

mongodb-core@2.1.17:
  version "2.1.17"
  resolved "https://registry.yarnpkg.com/mongodb-core/-/mongodb-core-2.1.17.tgz#a418b337a14a14990fb510b923dee6a813173df8"
  dependencies:
    bson "~1.0.4"
    require_optional "~1.0.0"

mongodb@^2.2.33:
  version "2.2.33"
  resolved "https://registry.yarnpkg.com/mongodb/-/mongodb-2.2.33.tgz#b537c471d34a6651b48f36fdbf29750340e08b50"
  dependencies:
    es6-promise "3.2.1"
    mongodb-core "2.1.17"
    readable-stream "2.2.7"

process-nextick-args@~1.0.6:
  version "1.0.7"
  resolved "https://registry.yarnpkg.com/process-nextick-args/-/process-nextick-args-1.0.7.tgz#150e20b756590ad3f91093f25a4f2ad8bff30ba3"

readable-stream@2.2.7:
  version "2.2.7"
  resolved "https://registry.yarnpkg.com/readable-stream/-/readable-stream-2.2.7.tgz#07057acbe2467b22042d36f98c5ad507054e95b1"
  dependencies:
    buffer-shims "~1.0.0"
    core-util-is "~1.0.0"
    inherits "~2.0.1"
    isarray "~1.0.0"
    process-nextick-args "~1.0.6"
    string_decoder "~1.0.0"
    util-deprecate "~1.0.1"

require_optional@~1.0.0:
  version "1.0.1"
  resolved "https://registry.yarnpkg.com/require_optional/-/require_optional-1.0.1.tgz#4cf35a4247f64ca3df8c2ef208cc494b1ca8fc2e"
  dependencies:
    resolve-from "^2.0.0"
    semver "^5.1.0"

resolve-from@^2.0.0:
  version "2.0.0"
  resolved "https://registry.yarnpkg.com/resolve-from/-/resolve-from-2.0.0.tgz#9480ab20e94ffa1d9e80a804c7ea147611966b57"

safe-buffer@~5.1.0:
  version "5.1.1"
  resolved "https://registry.yarnpkg.com/safe-buffer/-/safe-buffer-5.1.1.tgz#893312af69b2123def71f57889001671eeb2c853"

semver@^5.1.0:
  version "5.4.1"
  resolved "https://registry.yarnpkg.com/semver/-/semver-5.4.1.tgz#e059c09d8571f0540823733433505d3a2f00b18e"

string_decoder@~1.0.0:
  version "1.0.3"
  resolved "https://registry.yarnpkg.com/string_decoder/-/string_decoder-1.0.3.tgz#0fc67d7c141825de94282dd536bec6b9bce860ab"
  dependencies:
    safe-buffer "~5.1.0"

util-deprecate@~1.0.1:
  version "1.0.2"
  resolved "https://registry.yarnpkg.com/util-deprecate/-/util-deprecate-1.0.2.tgz#450d4dc9fa70de732762fbd2d4a28981419a0ccf"
