# THIS IS AN AUTOGENERATED FILE. DO NOT EDIT THIS FILE DIRECTLY.
# yarn lockfile v1


localstorage-polyfill@1.0.1:
  version "1.0.1"
  resolved "https://registry.yarnpkg.com/localstorage-polyfill/-/localstorage-polyfill-1.0.1.tgz#4b3083d4bc51d23b4158537e66816137413fd31a"

lodash@^4.16.4:
  version "4.17.4"
  resolved "https://registry.yarnpkg.com/lodash/-/lodash-4.17.4.tgz#78203a4d1c328ae1d86dca6460e369b57f4055ae"

regenerator-runtime@0.11.1:
  version "0.11.1"
  resolved "https://registry.yarnpkg.com/regenerator-runtime/-/regenerator-runtime-0.11.1.tgz#be05ad7f9bf7d22e056f9726cee5017fbf19e2e9"
