# THIS IS AN AUTOGENERATED FILE. DO NOT EDIT THIS FILE DIRECTLY.
# yarn lockfile v1


"@types/speakeasy@2.0.2":
  version "2.0.2"
  resolved "https://registry.yarnpkg.com/@types/speakeasy/-/speakeasy-2.0.2.tgz#153ec3636eea0562209b0a2f1fdf8b479286919b"

base32.js@0.0.1:
  version "0.0.1"
  resolved "https://registry.yarnpkg.com/base32.js/-/base32.js-0.0.1.tgz#d045736a57b1f6c139f0c7df42518a84e91bb2ba"

speakeasy@^2.0.0:
  version "2.0.0"
  resolved "https://registry.yarnpkg.com/speakeasy/-/speakeasy-2.0.0.tgz#85c91a071b09a5cb8642590d983566165f57613a"
  dependencies:
    base32.js "0.0.1"
